{
  "name": "books_memo",
  "version": "1.0.0",
  "lockfileVersion": 3,
  "requires": true,
  "packages": {
    "": {
      "name": "books_memo",
      "version": "1.0.0",
      "license": "ISC",
      "devDependencies": {
        "@types/expect.js": "^0.3.32",
        "expect.js": "^0.3.1"
      }
    },
    "node_modules/@types/expect.js": {
      "version": "0.3.32",
      "resolved": "https://registry.npmjs.org/@types/expect.js/-/expect.js-0.3.32.tgz",
      "integrity": "sha512-vUK0KSPtQTeANmOfiqsNNA/8hJ0xz8gOyB0ZhYRtoYOZBtZYir7ujNGr6GKw2hJAjltW0ocCNIGn9YxIXTT99Q==",
      "dev": true
    },
    "node_modules/expect.js": {
      "version": "0.3.1",
      "resolved": "https://registry.npmjs.org/expect.js/-/expect.js-0.3.1.tgz",
      "integrity": "sha512-okDF/FAPEul1ZFLae4hrgpIqAeapoo5TRdcg/lD0iN9S3GWrBFIJwNezGH1DMtIz+RxU4RrFmMq7WUUvDg3J6A==",
      "dev": true
    }
  }
}
